
Microsoft Visual Studio Solution File, Format Version 12.00
# Visual Studio 15
VisualStudioVersion = 15.0.27703.2047
MinimumVisualStudioVersion = 10.0.40219.1
Project("{FAE04EC0-301F-11D3-BF4B-00C04F79EFBC}") = "FormClaseSQL", "FormClaseSQL\FormClaseSQL.csproj", "{C7846636-F5E1-4949-B0D6-13480FE6B40D}"
EndProject
Global
	GlobalSection(SolutionConfigurationPlatforms) = preSolution
		Debug|Any CPU = Debug|Any CPU
		Release|Any CPU = Release|Any CPU
	EndGlobalSection
	GlobalSection(ProjectConfigurationPlatforms) = postSolution
		{C7846636-F5E1-4949-B0D6-13480FE6B40D}.Debug|Any CPU.ActiveCfg = Debug|Any CPU
		{C7846636-F5E1-4949-B0D6-13480FE6B40D}.Debug|Any CPU.Build.0 = Debug|Any CPU
		{C7846636-F5E1-4949-B0D6-13480FE6B40D}.Release|Any CPU.ActiveCfg = Release|Any CPU
		{C7846636-F5E1-4949-B0D6-13480FE6B40D}.Release|Any CPU.Build.0 = Release|Any CPU
	EndGlobalSection
	GlobalSection(SolutionProperties) = preSolution
		HideSolutionNode = FALSE
	EndGlobalSection
	GlobalSection(ExtensibilityGlobals) = postSolution
		SolutionGuid = {41428A53-C093-40A3-A382-C76694332928}
	EndGlobalSection
EndGlobal
