
Microsoft Visual Studio Solution File, Format Version 12.00
# Visual Studio 15
VisualStudioVersion = 15.0.27703.2047
MinimumVisualStudioVersion = 10.0.40219.1
Project("{FAE04EC0-301F-11D3-BF4B-00C04F79EFBC}") = "CentralitaHerencia", "CentralitaHerencia\CentralitaHerencia.csproj", "{18CF674D-DDD8-490F-AC17-FBA397E24AFF}"
EndProject
Project("{FAE04EC0-301F-11D3-BF4B-00C04F79EFBC}") = "Test", "Test\Test.csproj", "{81AD8A35-4BD5-4AAE-AA66-C297B60F2FC4}"
EndProject
Global
	GlobalSection(SolutionConfigurationPlatforms) = preSolution
		Debug|Any CPU = Debug|Any CPU
		Release|Any CPU = Release|Any CPU
	EndGlobalSection
	GlobalSection(ProjectConfigurationPlatforms) = postSolution
		{18CF674D-DDD8-490F-AC17-FBA397E24AFF}.Debug|Any CPU.ActiveCfg = Debug|Any CPU
		{18CF674D-DDD8-490F-AC17-FBA397E24AFF}.Debug|Any CPU.Build.0 = Debug|Any CPU
		{18CF674D-DDD8-490F-AC17-FBA397E24AFF}.Release|Any CPU.ActiveCfg = Release|Any CPU
		{18CF674D-DDD8-490F-AC17-FBA397E24AFF}.Release|Any CPU.Build.0 = Release|Any CPU
		{81AD8A35-4BD5-4AAE-AA66-C297B60F2FC4}.Debug|Any CPU.ActiveCfg = Debug|Any CPU
		{81AD8A35-4BD5-4AAE-AA66-C297B60F2FC4}.Debug|Any CPU.Build.0 = Debug|Any CPU
		{81AD8A35-4BD5-4AAE-AA66-C297B60F2FC4}.Release|Any CPU.ActiveCfg = Release|Any CPU
		{81AD8A35-4BD5-4AAE-AA66-C297B60F2FC4}.Release|Any CPU.Build.0 = Release|Any CPU
	EndGlobalSection
	GlobalSection(SolutionProperties) = preSolution
		HideSolutionNode = FALSE
	EndGlobalSection
	GlobalSection(ExtensibilityGlobals) = postSolution
		SolutionGuid = {51423224-0D05-4C19-92CD-20ED0CF14BDC}
	EndGlobalSection
EndGlobal
